
Microsoft Visual Studio Solution File, Format Version 12.00
# Visual Studio Version 16
VisualStudioVersion = 16.0.30002.166
MinimumVisualStudioVersion = 10.0.40219.1
Project("{FAE04EC0-301F-11D3-BF4B-00C04F79EFBC}") = "FFXIVTheMovie", "FFXIVTheMovie\FFXIVTheMovie.csproj", "{D8843508-B1D0-418A-AC23-DD115B007076}"
EndProject
Project("{9A19103F-16F7-4668-BE54-9A1E7A4F7556}") = "FFXIVTheMovieNetCore", "FFXIVTheMovieNetCore\FFXIVTheMovieNetCore.csproj", "{FE5CEDDA-709B-44EF-A293-A11D663C0700}"
EndProject
Global
	GlobalSection(SolutionConfigurationPlatforms) = preSolution
		Debug|Any CPU = Debug|Any CPU
		Release|Any CPU = Release|Any CPU
	EndGlobalSection
	GlobalSection(ProjectConfigurationPlatforms) = postSolution
		{D8843508-B1D0-418A-AC23-DD115B007076}.Debug|Any CPU.ActiveCfg = Debug|Any CPU
		{D8843508-B1D0-418A-AC23-DD115B007076}.Debug|Any CPU.Build.0 = Debug|Any CPU
		{D8843508-B1D0-418A-AC23-DD115B007076}.Release|Any CPU.ActiveCfg = Release|Any CPU
		{D8843508-B1D0-418A-AC23-DD115B007076}.Release|Any CPU.Build.0 = Release|Any CPU
		{FE5CEDDA-709B-44EF-A293-A11D663C0700}.Debug|Any CPU.ActiveCfg = Debug|Any CPU
		{FE5CEDDA-709B-44EF-A293-A11D663C0700}.Debug|Any CPU.Build.0 = Debug|Any CPU
		{FE5CEDDA-709B-44EF-A293-A11D663C0700}.Release|Any CPU.ActiveCfg = Release|Any CPU
		{FE5CEDDA-709B-44EF-A293-A11D663C0700}.Release|Any CPU.Build.0 = Release|Any CPU
	EndGlobalSection
	GlobalSection(SolutionProperties) = preSolution
		HideSolutionNode = FALSE
	EndGlobalSection
	GlobalSection(ExtensibilityGlobals) = postSolution
		SolutionGuid = {CCD934AC-182F-471A-84FD-2195EEB0A4E9}
	EndGlobalSection
EndGlobal
